
Microsoft Visual Studio Solution File, Format Version 12.00
# Visual Studio Version 16
VisualStudioVersion = 16.0.32228.343
MinimumVisualStudioVersion = 10.0.40219.1
Project("{FAE04EC0-301F-11D3-BF4B-00C04F79EFBC}") = "emberosztaly", "emberosztaly\emberosztaly.csproj", "{42D1B042-4781-44B5-A260-50148A0F426D}"
EndProject
Global
	GlobalSection(SolutionConfigurationPlatforms) = preSolution
		Debug|Any CPU = Debug|Any CPU
		Release|Any CPU = Release|Any CPU
	EndGlobalSection
	GlobalSection(ProjectConfigurationPlatforms) = postSolution
		{42D1B042-4781-44B5-A260-50148A0F426D}.Debug|Any CPU.ActiveCfg = Debug|Any CPU
		{42D1B042-4781-44B5-A260-50148A0F426D}.Debug|Any CPU.Build.0 = Debug|Any CPU
		{42D1B042-4781-44B5-A260-50148A0F426D}.Release|Any CPU.ActiveCfg = Release|Any CPU
		{42D1B042-4781-44B5-A260-50148A0F426D}.Release|Any CPU.Build.0 = Release|Any CPU
	EndGlobalSection
	GlobalSection(SolutionProperties) = preSolution
		HideSolutionNode = FALSE
	EndGlobalSection
	GlobalSection(ExtensibilityGlobals) = postSolution
		SolutionGuid = {57A36CE3-952F-4F36-B0C0-8E47C3D77165}
	EndGlobalSection
EndGlobal
